
Microsoft Visual Studio Solution File, Format Version 12.00
# Visual Studio Version 17
VisualStudioVersion = 17.6.33706.43
MinimumVisualStudioVersion = 10.0.40219.1
Project("{FAE04EC0-301F-11D3-BF4B-00C04F79EFBC}") = "WindowsFormsApp11", "WindowsFormsApp11\WindowsFormsApp11.csproj", "{07014CFB-DD1A-4911-969D-94437B088A27}"
EndProject
Global
	GlobalSection(SolutionConfigurationPlatforms) = preSolution
		Debug|Any CPU = Debug|Any CPU
		Release|Any CPU = Release|Any CPU
	EndGlobalSection
	GlobalSection(ProjectConfigurationPlatforms) = postSolution
		{07014CFB-DD1A-4911-969D-94437B088A27}.Debug|Any CPU.ActiveCfg = Debug|Any CPU
		{07014CFB-DD1A-4911-969D-94437B088A27}.Debug|Any CPU.Build.0 = Debug|Any CPU
		{07014CFB-DD1A-4911-969D-94437B088A27}.Release|Any CPU.ActiveCfg = Release|Any CPU
		{07014CFB-DD1A-4911-969D-94437B088A27}.Release|Any CPU.Build.0 = Release|Any CPU
	EndGlobalSection
	GlobalSection(SolutionProperties) = preSolution
		HideSolutionNode = FALSE
	EndGlobalSection
	GlobalSection(ExtensibilityGlobals) = postSolution
		SolutionGuid = {99DDDC16-DA2B-41C3-BE2F-ABA0EA876447}
	EndGlobalSection
EndGlobal
